# This file was autogenerated by Stack.
# You should not edit this file by hand.
# For more information, please see the documentation at:
#   https://docs.haskellstack.org/en/stable/lock_files

packages:
- completed:
    hackage: google-oauth2-for-cli-0.1.0.1@sha256:cbdc15f50fd7888939be74adfafd36629cc57da9fd37a673e916613b7a503729,1472
    pantry-tree:
      size: 406
      sha256: 443c6e541ecfeb9e73eeff681e205a6621f03823b5a39662812bb51af654bed1
  original:
    hackage: google-oauth2-for-cli-0.1.0.1
snapshots:
- completed:
    size: 496112
    url: https://raw.githubusercontent.com/commercialhaskell/stackage-snapshots/master/lts/15/13.yaml
    sha256: 75a1a0f870e1876898b117b0e443f911b3fa2985bfabb53158c81ab5765beda5
  original: lts-15.13
