# This file was autogenerated by Stack.
# You should not edit this file by hand.
# For more information, please see the documentation at:
#   https://docs.haskellstack.org/en/stable/lock_files

packages:
- completed:
    hackage: google-oauth2-for-cli-0.1.0.1@sha256:cbdc15f50fd7888939be74adfafd36629cc57da9fd37a673e916613b7a503729,1472
    pantry-tree:
      size: 406
      sha256: 443c6e541ecfeb9e73eeff681e205a6621f03823b5a39662812bb51af654bed1
  original:
    hackage: google-oauth2-for-cli-0.1.0.1
snapshots:
- completed:
    size: 491387
    url: https://raw.githubusercontent.com/commercialhaskell/stackage-snapshots/master/lts/15/6.yaml
    sha256: 8d81505a6de861e167a58534ab62330afb75bfa108735c7db1204f7ef2a39d79
  original: lts-15.6
